// !$*UTF8*$!
{
	archiveVersion = 1;
	classes = {
	};
	objectVersion = 50;
	objects = {

/* Begin PBXBuildFile section */
		04E6FA5B244124C00060B831 /* AppDelegate.swift in Sources */ = {isa = PBXBuildFile; fileRef = 04E6FA5A244124C00060B831 /* AppDelegate.swift */; };
		04E6FA5D244124C00060B831 /* SceneDelegate.swift in Sources */ = {isa = PBXBuildFile; fileRef = 04E6FA5C244124C00060B831 /* SceneDelegate.swift */; };
		04E6FA5F244124C00060B831 /* ViewController.swift in Sources */ = {isa = PBXBuildFile; fileRef = 04E6FA5E244124C00060B831 /* ViewController.swift */; };
		04E6FA62244124C00060B831 /* Main.storyboard in Resources */ = {isa = PBXBuildFile; fileRef = 04E6FA60244124C00060B831 /* Main.storyboard */; };
		04E6FA64244124C20060B831 /* Assets.xcassets in Resources */ = {isa = PBXBuildFile; fileRef = 04E6FA63244124C20060B831 /* Assets.xcassets */; };
		04E6FA67244124C20060B831 /* LaunchScreen.storyboard in Resources */ = {isa = PBXBuildFile; fileRef = 04E6FA65244124C20060B831 /* LaunchScreen.storyboard */; };
		04E6FA79244125410060B831 /* UIView+Extensions.swift in Sources */ = {isa = PBXBuildFile; fileRef = 04E6FA74244125410060B831 /* UIView+Extensions.swift */; };
		04E6FA7A244125410060B831 /* UIView+Anchors.swift in Sources */ = {isa = PBXBuildFile; fileRef = 04E6FA75244125410060B831 /* UIView+Anchors.swift */; };
		04E6FA7B244125410060B831 /* UIView+SafeAnchors.swift in Sources */ = {isa = PBXBuildFile; fileRef = 04E6FA76244125410060B831 /* UIView+SafeAnchors.swift */; };
		04E6FA7C244125410060B831 /* UIView+ConditionAnchors.swift in Sources */ = {isa = PBXBuildFile; fileRef = 04E6FA77244125410060B831 /* UIView+ConditionAnchors.swift */; };
		04E6FA7D244125410060B831 /* UIView+GeometryExtension.swift in Sources */ = {isa = PBXBuildFile; fileRef = 04E6FA78244125410060B831 /* UIView+GeometryExtension.swift */; };
/* End PBXBuildFile section */

/* Begin PBXFileReference section */
		04E6FA57244124C00060B831 /* ProgrammaticUIAPI.app */ = {isa = PBXFileReference; explicitFileType = wrapper.application; includeInIndex = 0; path = ProgrammaticUIAPI.app; sourceTree = BUILT_PRODUCTS_DIR; };
		04E6FA5A244124C00060B831 /* AppDelegate.swift */ = {isa = PBXFileReference; lastKnownFileType = sourcecode.swift; path = AppDelegate.swift; sourceTree = "<group>"; };
		04E6FA5C244124C00060B831 /* SceneDelegate.swift */ = {isa = PBXFileReference; lastKnownFileType = sourcecode.swift; path = SceneDelegate.swift; sourceTree = "<group>"; };
		04E6FA5E244124C00060B831 /* ViewController.swift */ = {isa = PBXFileReference; lastKnownFileType = sourcecode.swift; path = ViewController.swift; sourceTree = "<group>"; };
		04E6FA61244124C00060B831 /* Base */ = {isa = PBXFileReference; lastKnownFileType = file.storyboard; name = Base; path = Base.lproj/Main.storyboard; sourceTree = "<group>"; };
		04E6FA63244124C20060B831 /* Assets.xcassets */ = {isa = PBXFileReference; lastKnownFileType = folder.assetcatalog; path = Assets.xcassets; sourceTree = "<group>"; };
		04E6FA66244124C20060B831 /* Base */ = {isa = PBXFileReference; lastKnownFileType = file.storyboard; name = Base; path = Base.lproj/LaunchScreen.storyboard; sourceTree = "<group>"; };
		04E6FA68244124C20060B831 /* Info.plist */ = {isa = PBXFileReference; lastKnownFileType = text.plist.xml; path = Info.plist; sourceTree = "<group>"; };
		04E6FA74244125410060B831 /* UIView+Extensions.swift */ = {isa = PBXFileReference; fileEncoding = 4; lastKnownFileType = sourcecode.swift; path = "UIView+Extensions.swift"; sourceTree = "<group>"; };
		04E6FA75244125410060B831 /* UIView+Anchors.swift */ = {isa = PBXFileReference; fileEncoding = 4; lastKnownFileType = sourcecode.swift; path = "UIView+Anchors.swift"; sourceTree = "<group>"; };
		04E6FA76244125410060B831 /* UIView+SafeAnchors.swift */ = {isa = PBXFileReference; fileEncoding = 4; lastKnownFileType = sourcecode.swift; path = "UIView+SafeAnchors.swift"; sourceTree = "<group>"; };
		04E6FA77244125410060B831 /* UIView+ConditionAnchors.swift */ = {isa = PBXFileReference; fileEncoding = 4; lastKnownFileType = sourcecode.swift; path = "UIView+ConditionAnchors.swift"; sourceTree = "<group>"; };
		04E6FA78244125410060B831 /* UIView+GeometryExtension.swift */ = {isa = PBXFileReference; fileEncoding = 4; lastKnownFileType = sourcecode.swift; path = "UIView+GeometryExtension.swift"; sourceTree = "<group>"; };
/* End PBXFileReference section */

/* Begin PBXFrameworksBuildPhase section */
		04E6FA54244124C00060B831 /* Frameworks */ = {
			isa = PBXFrameworksBuildPhase;
			buildActionMask = 2147483647;
			files = (
			);
			runOnlyForDeploymentPostprocessing = 0;
		};
/* End PBXFrameworksBuildPhase section */

/* Begin PBXGroup section */
		04E6FA4E244124C00060B831 = {
			isa = PBXGroup;
			children = (
				04E6FA59244124C00060B831 /* ProgrammaticUIAPI */,
				04E6FA58244124C00060B831 /* Products */,
			);
			sourceTree = "<group>";
		};
		04E6FA58244124C00060B831 /* Products */ = {
			isa = PBXGroup;
			children = (
				04E6FA57244124C00060B831 /* ProgrammaticUIAPI.app */,
			);
			name = Products;
			sourceTree = "<group>";
		};
		04E6FA59244124C00060B831 /* ProgrammaticUIAPI */ = {
			isa = PBXGroup;
			children = (
				04E6FA712441251B0060B831 /* Extensions */,
				04E6FA70244124FF0060B831 /* Resources */,
				04E6FA6F244124F60060B831 /* View */,
				04E6FA6E244124EF0060B831 /* App */,
			);
			path = ProgrammaticUIAPI;
			sourceTree = "<group>";
		};
		04E6FA6E244124EF0060B831 /* App */ = {
			isa = PBXGroup;
			children = (
				04E6FA5A244124C00060B831 /* AppDelegate.swift */,
				04E6FA5C244124C00060B831 /* SceneDelegate.swift */,
			);
			path = App;
			sourceTree = "<group>";
		};
		04E6FA6F244124F60060B831 /* View */ = {
			isa = PBXGroup;
			children = (
				04E6FA5E244124C00060B831 /* ViewController.swift */,
				04E6FA60244124C00060B831 /* Main.storyboard */,
			);
			path = View;
			sourceTree = "<group>";
		};
		04E6FA70244124FF0060B831 /* Resources */ = {
			isa = PBXGroup;
			children = (
				04E6FA63244124C20060B831 /* Assets.xcassets */,
				04E6FA65244124C20060B831 /* LaunchScreen.storyboard */,
				04E6FA68244124C20060B831 /* Info.plist */,
			);
			path = Resources;
			sourceTree = "<group>";
		};
		04E6FA712441251B0060B831 /* Extensions */ = {
			isa = PBXGroup;
			children = (
				04E6FA7E244127370060B831 /* UIView */,
			);
			path = Extensions;
			sourceTree = "<group>";
		};
		04E6FA7E244127370060B831 /* UIView */ = {
			isa = PBXGroup;
			children = (
				04E6FA74244125410060B831 /* UIView+Extensions.swift */,
				04E6FA75244125410060B831 /* UIView+Anchors.swift */,
				04E6FA76244125410060B831 /* UIView+SafeAnchors.swift */,
				04E6FA77244125410060B831 /* UIView+ConditionAnchors.swift */,
				04E6FA78244125410060B831 /* UIView+GeometryExtension.swift */,
			);
			path = UIView;
			sourceTree = "<group>";
		};
/* End PBXGroup section */

/* Begin PBXNativeTarget section */
		04E6FA56244124C00060B831 /* ProgrammaticUIAPI */ = {
			isa = PBXNativeTarget;
			buildConfigurationList = 04E6FA6B244124C20060B831 /* Build configuration list for PBXNativeTarget "ProgrammaticUIAPI" */;
			buildPhases = (
				04E6FA53244124C00060B831 /* Sources */,
				04E6FA54244124C00060B831 /* Frameworks */,
				04E6FA55244124C00060B831 /* Resources */,
			);
			buildRules = (
			);
			dependencies = (
			);
			name = ProgrammaticUIAPI;
			productName = ProgrammaticUIAPI;
			productReference = 04E6FA57244124C00060B831 /* ProgrammaticUIAPI.app */;
			productType = "com.apple.product-type.application";
		};
/* End PBXNativeTarget section */

/* Begin PBXProject section */
		04E6FA4F244124C00060B831 /* Project object */ = {
			isa = PBXProject;
			attributes = {
				LastSwiftUpdateCheck = 1140;
				LastUpgradeCheck = 1140;
				ORGANIZATIONNAME = "Mohamed Elbana";
				TargetAttributes = {
					04E6FA56244124C00060B831 = {
						CreatedOnToolsVersion = 11.4;
					};
				};
			};
			buildConfigurationList = 04E6FA52244124C00060B831 /* Build configuration list for PBXProject "ProgrammaticUIAPI" */;
			compatibilityVersion = "Xcode 9.3";
			developmentRegion = en;
			hasScannedForEncodings = 0;
			knownRegions = (
				en,
				Base,
			);
			mainGroup = 04E6FA4E244124C00060B831;
			productRefGroup = 04E6FA58244124C00060B831 /* Products */;
			projectDirPath = "";
			projectRoot = "";
			targets = (
				04E6FA56244124C00060B831 /* ProgrammaticUIAPI */,
			);
		};
/* End PBXProject section */

/* Begin PBXResourcesBuildPhase section */
		04E6FA55244124C00060B831 /* Resources */ = {
			isa = PBXResourcesBuildPhase;
			buildActionMask = 2147483647;
			files = (
				04E6FA67244124C20060B831 /* LaunchScreen.storyboard in Resources */,
				04E6FA64244124C20060B831 /* Assets.xcassets in Resources */,
				04E6FA62244124C00060B831 /* Main.storyboard in Resources */,
			);
			runOnlyForDeploymentPostprocessing = 0;
		};
/* End PBXResourcesBuildPhase section */

/* Begin PBXSourcesBuildPhase section */
		04E6FA53244124C00060B831 /* Sources */ = {
			isa = PBXSourcesBuildPhase;
			buildActionMask = 2147483647;
			files = (
				04E6FA5F244124C00060B831 /* ViewController.swift in Sources */,
				04E6FA7C244125410060B831 /* UIView+ConditionAnchors.swift in Sources */,
				04E6FA5B244124C00060B831 /* AppDelegate.swift in Sources */,
				04E6FA7B244125410060B831 /* UIView+SafeAnchors.swift in Sources */,
				04E6FA7A244125410060B831 /* UIView+Anchors.swift in Sources */,
				04E6FA79244125410060B831 /* UIView+Extensions.swift in Sources */,
				04E6FA7D244125410060B831 /* UIView+GeometryExtension.swift in Sources */,
				04E6FA5D244124C00060B831 /* SceneDelegate.swift in Sources */,
			);
			runOnlyForDeploymentPostprocessing = 0;
		};
/* End PBXSourcesBuildPhase section */

/* Begin PBXVariantGroup section */
		04E6FA60244124C00060B831 /* Main.storyboard */ = {
			isa = PBXVariantGroup;
			children = (
				04E6FA61244124C00060B831 /* Base */,
			);
			name = Main.storyboard;
			sourceTree = "<group>";
		};
		04E6FA65244124C20060B831 /* LaunchScreen.storyboard */ = {
			isa = PBXVariantGroup;
			children = (
				04E6FA66244124C20060B831 /* Base */,
			);
			name = LaunchScreen.storyboard;
			sourceTree = "<group>";
		};
/* End PBXVariantGroup section */

/* Begin XCBuildConfiguration section */
		04E6FA69244124C20060B831 /* Debug */ = {
			isa = XCBuildConfiguration;
			buildSettings = {
				ALWAYS_SEARCH_USER_PATHS = NO;
				CLANG_ANALYZER_NONNULL = YES;
				CLANG_ANALYZER_NUMBER_OBJECT_CONVERSION = YES_AGGRESSIVE;
				CLANG_CXX_LANGUAGE_STANDARD = "gnu++14";
				CLANG_CXX_LIBRARY = "libc++";
				CLANG_ENABLE_MODULES = YES;
				CLANG_ENABLE_OBJC_ARC = YES;
				CLANG_ENABLE_OBJC_WEAK = YES;
				CLANG_WARN_BLOCK_CAPTURE_AUTORELEASING = YES;
				CLANG_WARN_BOOL_CONVERSION = YES;
				CLANG_WARN_COMMA = YES;
				CLANG_WARN_CONSTANT_CONVERSION = YES;
				CLANG_WARN_DEPRECATED_OBJC_IMPLEMENTATIONS = YES;
				CLANG_WARN_DIRECT_OBJC_ISA_USAGE = YES_ERROR;
				CLANG_WARN_DOCUMENTATION_COMMENTS = YES;
				CLANG_WARN_EMPTY_BODY = YES;
				CLANG_WARN_ENUM_CONVERSION = YES;
				CLANG_WARN_INFINITE_RECURSION = YES;
				CLANG_WARN_INT_CONVERSION = YES;
				CLANG_WARN_NON_LITERAL_NULL_CONVERSION = YES;
				CLANG_WARN_OBJC_IMPLICIT_RETAIN_SELF = YES;
				CLANG_WARN_OBJC_LITERAL_CONVERSION = YES;
				CLANG_WARN_OBJC_ROOT_CLASS = YES_ERROR;
				CLANG_WARN_RANGE_LOOP_ANALYSIS = YES;
				CLANG_WARN_STRICT_PROTOTYPES = YES;
				CLANG_WARN_SUSPICIOUS_MOVE = YES;
				CLANG_WARN_UNGUARDED_AVAILABILITY = YES_AGGRESSIVE;
				CLANG_WARN_UNREACHABLE_CODE = YES;
				CLANG_WARN__DUPLICATE_METHOD_MATCH = YES;
				COPY_PHASE_STRIP = NO;
				DEBUG_INFORMATION_FORMAT = dwarf;
				ENABLE_STRICT_OBJC_MSGSEND = YES;
				ENABLE_TESTABILITY = YES;
				GCC_C_LANGUAGE_STANDARD = gnu11;
				GCC_DYNAMIC_NO_PIC = NO;
				GCC_NO_COMMON_BLOCKS = YES;
				GCC_OPTIMIZATION_LEVEL = 0;
				GCC_PREPROCESSOR_DEFINITIONS = (
					"DEBUG=1",
					"$(inherited)",
				);
				GCC_WARN_64_TO_32_BIT_CONVERSION = YES;
				GCC_WARN_ABOUT_RETURN_TYPE = YES_ERROR;
				GCC_WARN_UNDECLARED_SELECTOR = YES;
				GCC_WARN_UNINITIALIZED_AUTOS = YES_AGGRESSIVE;
				GCC_WARN_UNUSED_FUNCTION = YES;
				GCC_WARN_UNUSED_VARIABLE = YES;
				IPHONEOS_DEPLOYMENT_TARGET = 13.4;
				MTL_ENABLE_DEBUG_INFO = INCLUDE_SOURCE;
				MTL_FAST_MATH = YES;
				ONLY_ACTIVE_ARCH = YES;
				SDKROOT = iphoneos;
				SWIFT_ACTIVE_COMPILATION_CONDITIONS = DEBUG;
				SWIFT_OPTIMIZATION_LEVEL = "-Onone";
			};
			name = Debug;
		};
		04E6FA6A244124C20060B831 /* Release */ = {
			isa = XCBuildConfiguration;
			buildSettings = {
				ALWAYS_SEARCH_USER_PATHS = NO;
				CLANG_ANALYZER_NONNULL = YES;
				CLANG_ANALYZER_NUMBER_OBJECT_CONVERSION = YES_AGGRESSIVE;
				CLANG_CXX_LANGUAGE_STANDARD = "gnu++14";
				CLANG_CXX_LIBRARY = "libc++";
				CLANG_ENABLE_MODULES = YES;
				CLANG_ENABLE_OBJC_ARC = YES;
				CLANG_ENABLE_OBJC_WEAK = YES;
				CLANG_WARN_BLOCK_CAPTURE_AUTORELEASING = YES;
				CLANG_WARN_BOOL_CONVERSION = YES;
				CLANG_WARN_COMMA = YES;
				CLANG_WARN_CONSTANT_CONVERSION = YES;
				CLANG_WARN_DEPRECATED_OBJC_IMPLEMENTATIONS = YES;
				CLANG_WARN_DIRECT_OBJC_ISA_USAGE = YES_ERROR;
				CLANG_WARN_DOCUMENTATION_COMMENTS = YES;
				CLANG_WARN_EMPTY_BODY = YES;
				CLANG_WARN_ENUM_CONVERSION = YES;
				CLANG_WARN_INFINITE_RECURSION = YES;
				CLANG_WARN_INT_CONVERSION = YES;
				CLANG_WARN_NON_LITERAL_NULL_CONVERSION = YES;
				CLANG_WARN_OBJC_IMPLICIT_RETAIN_SELF = YES;
				CLANG_WARN_OBJC_LITERAL_CONVERSION = YES;
				CLANG_WARN_OBJC_ROOT_CLASS = YES_ERROR;
				CLANG_WARN_RANGE_LOOP_ANALYSIS = YES;
				CLANG_WARN_STRICT_PROTOTYPES = YES;
				CLANG_WARN_SUSPICIOUS_MOVE = YES;
				CLANG_WARN_UNGUARDED_AVAILABILITY = YES_AGGRESSIVE;
				CLANG_WARN_UNREACHABLE_CODE = YES;
				CLANG_WARN__DUPLICATE_METHOD_MATCH = YES;
				COPY_PHASE_STRIP = NO;
				DEBUG_INFORMATION_FORMAT = "dwarf-with-dsym";
				ENABLE_NS_ASSERTIONS = NO;
				ENABLE_STRICT_OBJC_MSGSEND = YES;
				GCC_C_LANGUAGE_STANDARD = gnu11;
				GCC_NO_COMMON_BLOCKS = YES;
				GCC_WARN_64_TO_32_BIT_CONVERSION = YES;
				GCC_WARN_ABOUT_RETURN_TYPE = YES_ERROR;
				GCC_WARN_UNDECLARED_SELECTOR = YES;
				GCC_WARN_UNINITIALIZED_AUTOS = YES_AGGRESSIVE;
				GCC_WARN_UNUSED_FUNCTION = YES;
				GCC_WARN_UNUSED_VARIABLE = YES;
				IPHONEOS_DEPLOYMENT_TARGET = 13.4;
				MTL_ENABLE_DEBUG_INFO = NO;
				MTL_FAST_MATH = YES;
				SDKROOT = iphoneos;
				SWIFT_COMPILATION_MODE = wholemodule;
				SWIFT_OPTIMIZATION_LEVEL = "-O";
				VALIDATE_PRODUCT = YES;
			};
			name = Release;
		};
		04E6FA6C244124C20060B831 /* Debug */ = {
			isa = XCBuildConfiguration;
			buildSettings = {
				ASSETCATALOG_COMPILER_APPICON_NAME = AppIcon;
				CODE_SIGN_STYLE = Automatic;
				DEVELOPMENT_TEAM = M989A9QTSK;
				INFOPLIST_FILE = "$(SRCROOT)/ProgrammaticUIAPI/Resources/Info.plist";
				LD_RUNPATH_SEARCH_PATHS = (
					"$(inherited)",
					"@executable_path/Frameworks",
				);
				PRODUCT_BUNDLE_IDENTIFIER = com.m7amdelbana.ProgrammaticUIAPI;
				PRODUCT_NAME = "$(TARGET_NAME)";
				SWIFT_VERSION = 5.0;
				TARGETED_DEVICE_FAMILY = "1,2";
			};
			name = Debug;
		};
		04E6FA6D244124C20060B831 /* Release */ = {
			isa = XCBuildConfiguration;
			buildSettings = {
				ASSETCATALOG_COMPILER_APPICON_NAME = AppIcon;
				CODE_SIGN_STYLE = Automatic;
				DEVELOPMENT_TEAM = M989A9QTSK;
				INFOPLIST_FILE = "$(SRCROOT)/ProgrammaticUIAPI/Resources/Info.plist";
				LD_RUNPATH_SEARCH_PATHS = (
					"$(inherited)",
					"@executable_path/Frameworks",
				);
				PRODUCT_BUNDLE_IDENTIFIER = com.m7amdelbana.ProgrammaticUIAPI;
				PRODUCT_NAME = "$(TARGET_NAME)";
				SWIFT_VERSION = 5.0;
				TARGETED_DEVICE_FAMILY = "1,2";
			};
			name = Release;
		};
/* End XCBuildConfiguration section */

/* Begin XCConfigurationList section */
		04E6FA52244124C00060B831 /* Build configuration list for PBXProject "ProgrammaticUIAPI" */ = {
			isa = XCConfigurationList;
			buildConfigurations = (
				04E6FA69244124C20060B831 /* Debug */,
				04E6FA6A244124C20060B831 /* Release */,
			);
			defaultConfigurationIsVisible = 0;
			defaultConfigurationName = Release;
		};
		04E6FA6B244124C20060B831 /* Build configuration list for PBXNativeTarget "ProgrammaticUIAPI" */ = {
			isa = XCConfigurationList;
			buildConfigurations = (
				04E6FA6C244124C20060B831 /* Debug */,
				04E6FA6D244124C20060B831 /* Release */,
			);
			defaultConfigurationIsVisible = 0;
			defaultConfigurationName = Release;
		};
/* End XCConfigurationList section */
	};
	rootObject = 04E6FA4F244124C00060B831 /* Project object */;
}
